{
  "name": "pdfreader",
  "version": "1.0.0",
  "lockfileVersion": 1,
  "requires": true,
  "dependencies": {
    "pdf2json": {
      "version": "1.1.2",
      "resolved": "https://registry.npmjs.org/pdf2json/-/pdf2json-1.1.2.tgz",
      "integrity": "sha1-BzgOpumvg4x1nMC0JoyqXQUCOrI=",
      "requires": {
        "async": "~1.5.2",
        "optimist": "~0.6.1",
        "underscore": "~1.8.3",
        "xmldom": "~0.1.22"
      },
      "dependencies": {
        "async": {
          "version": "1.5.2",
          "bundled": true
        },
        "minimist": {
          "version": "0.0.10",
          "bundled": true
        },
        "optimist": {
          "version": "0.6.1",
          "bundled": true,
          "requires": {
            "minimist": "~0.0.1",
            "wordwrap": "~0.0.2"
          }
        },
        "underscore": {
          "version": "1.8.3",
          "bundled": true
        },
        "wordwrap": {
          "version": "0.0.3",
          "bundled": true
        },
        "xmldom": {
          "version": "0.1.22",
          "bundled": true
        }
      }
    },
    "prettier": {
      "version": "1.15.3",
      "resolved": "https://registry.npmjs.org/prettier/-/prettier-1.15.3.tgz",
      "integrity": "sha512-gAU9AGAPMaKb3NNSUUuhhFAS7SCO4ALTN4nRIn6PJ075Qd28Yn2Ig2ahEJWdJwJmlEBTUfC7mMUSFy8MwsOCfg==",
      "dev": true
    }
  }
}
